
Microsoft Visual Studio Solution File, Format Version 12.00
# Visual Studio Version 16
VisualStudioVersion = 16.0.29306.81
MinimumVisualStudioVersion = 10.0.40219.1
Project("{FAE04EC0-301F-11D3-BF4B-00C04F79EFBC}") = "UIPlaceholder", "src\UIPlaceholder\UIPlaceholder.csproj", "{02BBCBFE-3239-4ED5-A82D-1A2E24DE87B7}"
EndProject
Project("{FAE04EC0-301F-11D3-BF4B-00C04F79EFBC}") = "UIPlaceholderSample", "sample\UIPlaceholderSample\UIPlaceholderSample.csproj", "{AE8B2A41-ECDF-496A-A519-C30964FB9863}"
EndProject
Global
	GlobalSection(SolutionConfigurationPlatforms) = preSolution
		Debug|Any CPU = Debug|Any CPU
		Debug|ARM = Debug|ARM
		Debug|ARM64 = Debug|ARM64
		Debug|x64 = Debug|x64
		Debug|x86 = Debug|x86
		Release|Any CPU = Release|Any CPU
		Release|ARM = Release|ARM
		Release|ARM64 = Release|ARM64
		Release|x64 = Release|x64
		Release|x86 = Release|x86
	EndGlobalSection
	GlobalSection(ProjectConfigurationPlatforms) = postSolution
		{02BBCBFE-3239-4ED5-A82D-1A2E24DE87B7}.Debug|Any CPU.ActiveCfg = Debug|Any CPU
		{02BBCBFE-3239-4ED5-A82D-1A2E24DE87B7}.Debug|Any CPU.Build.0 = Debug|Any CPU
		{02BBCBFE-3239-4ED5-A82D-1A2E24DE87B7}.Debug|ARM.ActiveCfg = Debug|ARM
		{02BBCBFE-3239-4ED5-A82D-1A2E24DE87B7}.Debug|ARM.Build.0 = Debug|ARM
		{02BBCBFE-3239-4ED5-A82D-1A2E24DE87B7}.Debug|ARM64.ActiveCfg = Debug|ARM64
		{02BBCBFE-3239-4ED5-A82D-1A2E24DE87B7}.Debug|ARM64.Build.0 = Debug|ARM64
		{02BBCBFE-3239-4ED5-A82D-1A2E24DE87B7}.Debug|x64.ActiveCfg = Debug|x64
		{02BBCBFE-3239-4ED5-A82D-1A2E24DE87B7}.Debug|x64.Build.0 = Debug|x64
		{02BBCBFE-3239-4ED5-A82D-1A2E24DE87B7}.Debug|x86.ActiveCfg = Debug|x86
		{02BBCBFE-3239-4ED5-A82D-1A2E24DE87B7}.Debug|x86.Build.0 = Debug|x86
		{02BBCBFE-3239-4ED5-A82D-1A2E24DE87B7}.Release|Any CPU.ActiveCfg = Release|Any CPU
		{02BBCBFE-3239-4ED5-A82D-1A2E24DE87B7}.Release|Any CPU.Build.0 = Release|Any CPU
		{02BBCBFE-3239-4ED5-A82D-1A2E24DE87B7}.Release|ARM.ActiveCfg = Release|ARM
		{02BBCBFE-3239-4ED5-A82D-1A2E24DE87B7}.Release|ARM.Build.0 = Release|ARM
		{02BBCBFE-3239-4ED5-A82D-1A2E24DE87B7}.Release|ARM64.ActiveCfg = Release|ARM64
		{02BBCBFE-3239-4ED5-A82D-1A2E24DE87B7}.Release|ARM64.Build.0 = Release|ARM64
		{02BBCBFE-3239-4ED5-A82D-1A2E24DE87B7}.Release|x64.ActiveCfg = Release|x64
		{02BBCBFE-3239-4ED5-A82D-1A2E24DE87B7}.Release|x64.Build.0 = Release|x64
		{02BBCBFE-3239-4ED5-A82D-1A2E24DE87B7}.Release|x86.ActiveCfg = Release|x86
		{02BBCBFE-3239-4ED5-A82D-1A2E24DE87B7}.Release|x86.Build.0 = Release|x86
		{AE8B2A41-ECDF-496A-A519-C30964FB9863}.Debug|Any CPU.ActiveCfg = Debug|x86
		{AE8B2A41-ECDF-496A-A519-C30964FB9863}.Debug|ARM.ActiveCfg = Debug|ARM
		{AE8B2A41-ECDF-496A-A519-C30964FB9863}.Debug|ARM.Build.0 = Debug|ARM
		{AE8B2A41-ECDF-496A-A519-C30964FB9863}.Debug|ARM.Deploy.0 = Debug|ARM
		{AE8B2A41-ECDF-496A-A519-C30964FB9863}.Debug|ARM64.ActiveCfg = Debug|ARM64
		{AE8B2A41-ECDF-496A-A519-C30964FB9863}.Debug|ARM64.Build.0 = Debug|ARM64
		{AE8B2A41-ECDF-496A-A519-C30964FB9863}.Debug|ARM64.Deploy.0 = Debug|ARM64
		{AE8B2A41-ECDF-496A-A519-C30964FB9863}.Debug|x64.ActiveCfg = Debug|x64
		{AE8B2A41-ECDF-496A-A519-C30964FB9863}.Debug|x64.Build.0 = Debug|x64
		{AE8B2A41-ECDF-496A-A519-C30964FB9863}.Debug|x64.Deploy.0 = Debug|x64
		{AE8B2A41-ECDF-496A-A519-C30964FB9863}.Debug|x86.ActiveCfg = Debug|x86
		{AE8B2A41-ECDF-496A-A519-C30964FB9863}.Debug|x86.Build.0 = Debug|x86
		{AE8B2A41-ECDF-496A-A519-C30964FB9863}.Debug|x86.Deploy.0 = Debug|x86
		{AE8B2A41-ECDF-496A-A519-C30964FB9863}.Release|Any CPU.ActiveCfg = Release|x86
		{AE8B2A41-ECDF-496A-A519-C30964FB9863}.Release|ARM.ActiveCfg = Release|ARM
		{AE8B2A41-ECDF-496A-A519-C30964FB9863}.Release|ARM.Build.0 = Release|ARM
		{AE8B2A41-ECDF-496A-A519-C30964FB9863}.Release|ARM.Deploy.0 = Release|ARM
		{AE8B2A41-ECDF-496A-A519-C30964FB9863}.Release|ARM64.ActiveCfg = Release|ARM64
		{AE8B2A41-ECDF-496A-A519-C30964FB9863}.Release|ARM64.Build.0 = Release|ARM64
		{AE8B2A41-ECDF-496A-A519-C30964FB9863}.Release|ARM64.Deploy.0 = Release|ARM64
		{AE8B2A41-ECDF-496A-A519-C30964FB9863}.Release|x64.ActiveCfg = Release|x64
		{AE8B2A41-ECDF-496A-A519-C30964FB9863}.Release|x64.Build.0 = Release|x64
		{AE8B2A41-ECDF-496A-A519-C30964FB9863}.Release|x64.Deploy.0 = Release|x64
		{AE8B2A41-ECDF-496A-A519-C30964FB9863}.Release|x86.ActiveCfg = Release|x86
		{AE8B2A41-ECDF-496A-A519-C30964FB9863}.Release|x86.Build.0 = Release|x86
		{AE8B2A41-ECDF-496A-A519-C30964FB9863}.Release|x86.Deploy.0 = Release|x86
	EndGlobalSection
	GlobalSection(SolutionProperties) = preSolution
		HideSolutionNode = FALSE
	EndGlobalSection
	GlobalSection(ExtensibilityGlobals) = postSolution
		SolutionGuid = {F68B927E-5322-4BA4-87FB-4BF9DEB90182}
	EndGlobalSection
EndGlobal
